
Microsoft Visual Studio Solution File, Format Version 12.00
# Visual Studio Version 17
VisualStudioVersion = 17.3.32929.385
MinimumVisualStudioVersion = 10.0.40219.1
Project("{FAE04EC0-301F-11D3-BF4B-00C04F79EFBC}") = "MoviesAPI", "MoviesAPI\MoviesAPI.csproj", "{32F45122-7BFD-428E-96A2-5C1D03B99C49}"
EndProject
Global
	GlobalSection(SolutionConfigurationPlatforms) = preSolution
		Debug|Any CPU = Debug|Any CPU
		Release|Any CPU = Release|Any CPU
	EndGlobalSection
	GlobalSection(ProjectConfigurationPlatforms) = postSolution
		{32F45122-7BFD-428E-96A2-5C1D03B99C49}.Debug|Any CPU.ActiveCfg = Debug|Any CPU
		{32F45122-7BFD-428E-96A2-5C1D03B99C49}.Debug|Any CPU.Build.0 = Debug|Any CPU
		{32F45122-7BFD-428E-96A2-5C1D03B99C49}.Release|Any CPU.ActiveCfg = Release|Any CPU
		{32F45122-7BFD-428E-96A2-5C1D03B99C49}.Release|Any CPU.Build.0 = Release|Any CPU
	EndGlobalSection
	GlobalSection(SolutionProperties) = preSolution
		HideSolutionNode = FALSE
	EndGlobalSection
	GlobalSection(ExtensibilityGlobals) = postSolution
		SolutionGuid = {0F6D85BD-E82B-4AE2-8D04-B87C41276585}
	EndGlobalSection
EndGlobal
